
Microsoft Visual Studio Solution File, Format Version 12.00
# Visual Studio Version 16
VisualStudioVersion = 16.0.31205.134
MinimumVisualStudioVersion = 10.0.40219.1
Project("{9A19103F-16F7-4668-BE54-9A1E7A4F7556}") = "bis-305-assign6a-6-4-check-zips", "bis-305-assign6a-6-4-check-zips.csproj", "{FF2F32FB-FBC0-4854-950E-1AE38CC98B29}"
EndProject
Global
	GlobalSection(SolutionConfigurationPlatforms) = preSolution
		Debug|Any CPU = Debug|Any CPU
		Release|Any CPU = Release|Any CPU
	EndGlobalSection
	GlobalSection(ProjectConfigurationPlatforms) = postSolution
		{FF2F32FB-FBC0-4854-950E-1AE38CC98B29}.Debug|Any CPU.ActiveCfg = Debug|Any CPU
		{FF2F32FB-FBC0-4854-950E-1AE38CC98B29}.Debug|Any CPU.Build.0 = Debug|Any CPU
		{FF2F32FB-FBC0-4854-950E-1AE38CC98B29}.Release|Any CPU.ActiveCfg = Release|Any CPU
		{FF2F32FB-FBC0-4854-950E-1AE38CC98B29}.Release|Any CPU.Build.0 = Release|Any CPU
	EndGlobalSection
	GlobalSection(SolutionProperties) = preSolution
		HideSolutionNode = FALSE
	EndGlobalSection
	GlobalSection(ExtensibilityGlobals) = postSolution
		SolutionGuid = {9460D74E-6215-44A4-9AF9-A59DCBD590C5}
	EndGlobalSection
EndGlobal
